
Microsoft Visual Studio Solution File, Format Version 12.00
# Visual Studio Version 17
VisualStudioVersion = 17.7.34024.191
MinimumVisualStudioVersion = 10.0.40219.1
Project("{9A19103F-16F7-4668-BE54-9A1E7A4F7556}") = "Test", "Test\Test.csproj", "{0BAE5D89-B084-4F39-A482-CC7D4D4A7E79}"
EndProject
Project("{FAE04EC0-301F-11D3-BF4B-00C04F79EFBC}") = "Server", "Server\Server.csproj", "{1B3475E5-9836-4DD6-963C-A436F91B9B65}"
EndProject
Global
	GlobalSection(SolutionConfigurationPlatforms) = preSolution
		Debug|Any CPU = Debug|Any CPU
		Release|Any CPU = Release|Any CPU
	EndGlobalSection
	GlobalSection(ProjectConfigurationPlatforms) = postSolution
		{0BAE5D89-B084-4F39-A482-CC7D4D4A7E79}.Debug|Any CPU.ActiveCfg = Debug|Any CPU
		{0BAE5D89-B084-4F39-A482-CC7D4D4A7E79}.Debug|Any CPU.Build.0 = Debug|Any CPU
		{0BAE5D89-B084-4F39-A482-CC7D4D4A7E79}.Release|Any CPU.ActiveCfg = Release|Any CPU
		{0BAE5D89-B084-4F39-A482-CC7D4D4A7E79}.Release|Any CPU.Build.0 = Release|Any CPU
		{1B3475E5-9836-4DD6-963C-A436F91B9B65}.Debug|Any CPU.ActiveCfg = Debug|Any CPU
		{1B3475E5-9836-4DD6-963C-A436F91B9B65}.Debug|Any CPU.Build.0 = Debug|Any CPU
		{1B3475E5-9836-4DD6-963C-A436F91B9B65}.Release|Any CPU.ActiveCfg = Release|Any CPU
		{1B3475E5-9836-4DD6-963C-A436F91B9B65}.Release|Any CPU.Build.0 = Release|Any CPU
	EndGlobalSection
	GlobalSection(SolutionProperties) = preSolution
		HideSolutionNode = FALSE
	EndGlobalSection
	GlobalSection(ExtensibilityGlobals) = postSolution
		SolutionGuid = {678F98EA-7654-4083-A673-9DDBA89162F6}
	EndGlobalSection
EndGlobal
